
Microsoft Visual Studio Solution File, Format Version 12.00
# Visual Studio Version 17
VisualStudioVersion = 17.0.32014.148
MinimumVisualStudioVersion = 10.0.40219.1
Project("{FAE04EC0-301F-11D3-BF4B-00C04F79EFBC}") = "LogicalPrograms", "LogicalPrograms.csproj", "{441C69AA-E4C7-4F63-9F9A-EE34CD50EA95}"
EndProject
Global
	GlobalSection(SolutionConfigurationPlatforms) = preSolution
		Debug|Any CPU = Debug|Any CPU
		Release|Any CPU = Release|Any CPU
	EndGlobalSection
	GlobalSection(ProjectConfigurationPlatforms) = postSolution
		{441C69AA-E4C7-4F63-9F9A-EE34CD50EA95}.Debug|Any CPU.ActiveCfg = Debug|Any CPU
		{441C69AA-E4C7-4F63-9F9A-EE34CD50EA95}.Debug|Any CPU.Build.0 = Debug|Any CPU
		{441C69AA-E4C7-4F63-9F9A-EE34CD50EA95}.Release|Any CPU.ActiveCfg = Release|Any CPU
		{441C69AA-E4C7-4F63-9F9A-EE34CD50EA95}.Release|Any CPU.Build.0 = Release|Any CPU
	EndGlobalSection
	GlobalSection(SolutionProperties) = preSolution
		HideSolutionNode = FALSE
	EndGlobalSection
	GlobalSection(ExtensibilityGlobals) = postSolution
		SolutionGuid = {A6EE3C3B-5209-4754-8E29-5516C188D9FA}
	EndGlobalSection
EndGlobal
